
Microsoft Visual Studio Solution File, Format Version 12.00
Project("{FAE04EC0-301F-11D3-BF4B-00C04F79EFBC}") = "REPL", "REPL.csproj", "{CEFACB5C-32A2-48DE-A46B-EA2711A90D5A}"
EndProject
Global
	GlobalSection(SolutionConfigurationPlatforms) = preSolution
		Debug|Any CPU = Debug|Any CPU
		Release|Any CPU = Release|Any CPU
	EndGlobalSection
	GlobalSection(ProjectConfigurationPlatforms) = postSolution
		{CEFACB5C-32A2-48DE-A46B-EA2711A90D5A}.Debug|Any CPU.ActiveCfg = Debug|Any CPU
		{CEFACB5C-32A2-48DE-A46B-EA2711A90D5A}.Debug|Any CPU.Build.0 = Debug|Any CPU
		{CEFACB5C-32A2-48DE-A46B-EA2711A90D5A}.Release|Any CPU.ActiveCfg = Release|Any CPU
		{CEFACB5C-32A2-48DE-A46B-EA2711A90D5A}.Release|Any CPU.Build.0 = Release|Any CPU
	EndGlobalSection
EndGlobal
